
Microsoft Visual Studio Solution File, Format Version 12.00
# Visual Studio 2012
Project("{FAE04EC0-301F-11D3-BF4B-00C04F79EFBC}") = "RAD301_CA2_s00128052", "RAD301_CA2_s00128052\RAD301_CA2_s00128052.csproj", "{534A065F-A5ED-4522-A5E8-201768E01B88}"
EndProject
Global
	GlobalSection(SolutionConfigurationPlatforms) = preSolution
		Debug|Any CPU = Debug|Any CPU
		Release|Any CPU = Release|Any CPU
	EndGlobalSection
	GlobalSection(ProjectConfigurationPlatforms) = postSolution
		{534A065F-A5ED-4522-A5E8-201768E01B88}.Debug|Any CPU.ActiveCfg = Debug|Any CPU
		{534A065F-A5ED-4522-A5E8-201768E01B88}.Debug|Any CPU.Build.0 = Debug|Any CPU
		{534A065F-A5ED-4522-A5E8-201768E01B88}.Release|Any CPU.ActiveCfg = Release|Any CPU
		{534A065F-A5ED-4522-A5E8-201768E01B88}.Release|Any CPU.Build.0 = Release|Any CPU
	EndGlobalSection
	GlobalSection(SolutionProperties) = preSolution
		HideSolutionNode = FALSE
	EndGlobalSection
EndGlobal
